
Microsoft Visual Studio Solution File, Format Version 12.00
# Visual Studio 15
VisualStudioVersion = 15.0.28307.902
MinimumVisualStudioVersion = 10.0.40219.1
Project("{FAE04EC0-301F-11D3-BF4B-00C04F79EFBC}") = "iSee-optics-web", "iSee-optics-web\iSee-optics-web.csproj", "{F9C5E1B5-209B-4A6D-8D82-52B8DEAC44E2}"
EndProject
Global
	GlobalSection(SolutionConfigurationPlatforms) = preSolution
		Debug|Any CPU = Debug|Any CPU
		Release|Any CPU = Release|Any CPU
	EndGlobalSection
	GlobalSection(ProjectConfigurationPlatforms) = postSolution
		{F9C5E1B5-209B-4A6D-8D82-52B8DEAC44E2}.Debug|Any CPU.ActiveCfg = Debug|Any CPU
		{F9C5E1B5-209B-4A6D-8D82-52B8DEAC44E2}.Debug|Any CPU.Build.0 = Debug|Any CPU
		{F9C5E1B5-209B-4A6D-8D82-52B8DEAC44E2}.Release|Any CPU.ActiveCfg = Release|Any CPU
		{F9C5E1B5-209B-4A6D-8D82-52B8DEAC44E2}.Release|Any CPU.Build.0 = Release|Any CPU
	EndGlobalSection
	GlobalSection(SolutionProperties) = preSolution
		HideSolutionNode = FALSE
	EndGlobalSection
	GlobalSection(ExtensibilityGlobals) = postSolution
		SolutionGuid = {3825FD6B-1552-491B-8262-0F9DE551F4D7}
	EndGlobalSection
EndGlobal
